
Microsoft Visual Studio Solution File, Format Version 12.00
# Visual Studio Version 17
VisualStudioVersion = 17.9.34728.123
MinimumVisualStudioVersion = 10.0.40219.1
Project("{FAE04EC0-301F-11D3-BF4B-00C04F79EFBC}") = "ShoppingApp", "ShoppingApp\ShoppingApp.csproj", "{63CB6096-4B4E-4973-B304-04C6DAEB38CF}"
EndProject
Global
	GlobalSection(SolutionConfigurationPlatforms) = preSolution
		Debug|Any CPU = Debug|Any CPU
		Release|Any CPU = Release|Any CPU
	EndGlobalSection
	GlobalSection(ProjectConfigurationPlatforms) = postSolution
		{63CB6096-4B4E-4973-B304-04C6DAEB38CF}.Debug|Any CPU.ActiveCfg = Debug|Any CPU
		{63CB6096-4B4E-4973-B304-04C6DAEB38CF}.Debug|Any CPU.Build.0 = Debug|Any CPU
		{63CB6096-4B4E-4973-B304-04C6DAEB38CF}.Release|Any CPU.ActiveCfg = Release|Any CPU
		{63CB6096-4B4E-4973-B304-04C6DAEB38CF}.Release|Any CPU.Build.0 = Release|Any CPU
	EndGlobalSection
	GlobalSection(SolutionProperties) = preSolution
		HideSolutionNode = FALSE
	EndGlobalSection
	GlobalSection(ExtensibilityGlobals) = postSolution
		SolutionGuid = {AF9262F5-BBDB-45F0-BAE3-7278309527EE}
	EndGlobalSection
EndGlobal
